PODS:
  - TwitterCore (3.1.0)
  - TwitterKit (3.3.0):
    - TwitterCore (>= 3.1.0)

DEPENDENCIES:
  - TwitterCore
  - TwitterKit

SPEC CHECKSUMS:
  TwitterCore: 644d59e75abccb26cf0a9050d2c4dea0e5412241
  TwitterKit: a2e60ddcedbf54091eac6f27685ca7a87681e1d7

PODFILE CHECKSUM: 9e0a9b541a5c0a3f3e9b5efcca45e178761205ba

COCOAPODS: 1.2.1
